{
  "version": 4,
  "terraform_version": "1.5.7",
  "serial": 38,
  "lineage": "edf96437-59cf-8990-2711-5ed8092a0322",
  "outputs": {
    "xagent-cloud-run-service_service_uri": {
      "value": "https://xagent-service-6dv6k25fqa-uc.a.run.app",
      "type": "string"
    },
    "xagent-global-lb-frontend_external_ip": {
      "value": "34.54.183.86",
      "type": "string"
    },
    "xagent-global-lb-frontend_ip_address_internal_managed_http": {
      "value": [],
      "type": [
        "tuple",
        []
      ]
    },
    "xagent-global-lb-frontend_ip_address_internal_managed_https": {
      "value": [],
      "type": [
        "tuple",
        []
      ]
    }
  },
  "resources": [
    {
      "mode": "managed",
      "type": "google_project_iam_member",
      "name": "secret_accessor",
      "provider": "provider[\"registry.terraform.io/hashicorp/google\"]",
      "instances": [
        {
          "schema_version": 0,
          "attributes": {
            "condition": [],
            "etag": "BwY/SyIwjw4=",
            "id": "google-mpf-172983073065/roles/secretmanager.secretAccessor/serviceAccount:xagent-service-us-central1-sa@google-mpf-172983073065.iam.gserviceaccount.com",
            "member": "serviceAccount:xagent-service-us-central1-sa@google-mpf-172983073065.iam.gserviceaccount.com",
            "project": "google-mpf-172983073065",
            "role": "roles/secretmanager.secretAccessor"
          },
          "sensitive_attributes": [],
          "private": "bnVsbA=="
        }
      ]
    },
    {
      "module": "module.xagent-cloud-run-service",
      "mode": "managed",
      "type": "google_cloud_run_v2_service",
      "name": "main",
      "provider": "provider[\"registry.terraform.io/hashicorp/google-beta\"]",
      "instances": [
        {
          "schema_version": 0,
          "attributes": {
            "annotations": {},
            "binary_authorization": [],
            "build_config": [],
            "client": "",
            "client_version": "",
            "conditions": [
              {
                "execution_reason": "",
                "last_transition_time": "2025-09-21T09:46:04.870780Z",
                "message": "",
                "reason": "",
                "revision_reason": "",
                "severity": "",
                "state": "CONDITION_SUCCEEDED",
                "type": "RoutesReady"
              },
              {
                "execution_reason": "",
                "last_transition_time": "2025-09-21T09:46:03.622197Z",
                "message": "",
                "reason": "",
                "revision_reason": "",
                "severity": "",
                "state": "CONDITION_SUCCEEDED",
                "type": "ConfigurationsReady"
              }
            ],
            "create_time": "2025-09-21T07:48:11.176132Z",
            "creator": "admin@lionsofzion-official.org",
            "custom_audiences": [],
            "default_uri_disabled": false,
            "delete_time": "",
            "deletion_protection": false,
            "description": "",
            "effective_annotations": {},
            "effective_labels": {
              "goog-adc-tf-deployment": "export",
              "goog-terraform-provisioned": "true",
              "xagent_vertex_ai_vertex-ai": "true"
            },
            "etag": "\"COeRv8YGELiugtUD/cHJvamVjdHMvZ29vZ2xlLW1wZi0xNzI5ODMwNzMwNjUvbG9jYXRpb25zL3VzLWNlbnRyYWwxL3NlcnZpY2VzL3hhZ2VudC1zZXJ2aWNl\"",
            "expire_time": "",
            "generation": "9",
            "iap_enabled": false,
            "id": "projects/google-mpf-172983073065/locations/us-central1/services/xagent-service",
            "ingress": "INGRESS_TRAFFIC_ALL",
            "invoker_iam_disabled": false,
            "labels": {
              "xagent_vertex_ai_vertex-ai": "true"
            },
            "last_modifier": "admin@lionsofzion-official.org",
            "latest_created_revision": "projects/google-mpf-172983073065/locations/us-central1/services/xagent-service/revisions/xagent-service-00009-kmk",
            "latest_ready_revision": "projects/google-mpf-172983073065/locations/us-central1/services/xagent-service/revisions/xagent-service-00009-kmk",
            "launch_stage": "GA",
            "location": "us-central1",
            "name": "xagent-service",
            "observed_generation": "9",
            "project": "google-mpf-172983073065",
            "reconciling": false,
            "scaling": [
              {
                "manual_instance_count": 0,
                "min_instance_count": 1,
                "scaling_mode": ""
              }
            ],
            "template": [
              {
                "annotations": {},
                "containers": [
                  {
                    "args": [],
                    "base_image_uri": "",
                    "build_info": [],
                    "command": [],
                    "depends_on": [],
                    "env": [],
                    "image": "us-central1-docker.pkg.dev/google-mpf-172983073065/xagent/xagent:prod",
                    "liveness_probe": [],
                    "name": "xagent-container",
                    "ports": [
                      {
                        "container_port": 8080,
                        "name": "http1"
                      }
                    ],
                    "resources": [
                      {
                        "cpu_idle": true,
                        "limits": {
                          "cpu": "1000m",
                          "memory": "512Mi"
                        },
                        "startup_cpu_boost": false
                      }
                    ],
                    "startup_probe": [
                      {
                        "failure_threshold": 1,
                        "grpc": [],
                        "http_get": [],
                        "initial_delay_seconds": 0,
                        "period_seconds": 240,
                        "tcp_socket": [
                          {
                            "port": 8080
                          }
                        ],
                        "timeout_seconds": 240
                      }
                    ],
                    "volume_mounts": [],
                    "working_dir": ""
                  },
                  {
                    "args": [],
                    "base_image_uri": "",
                    "build_info": [],
                    "command": [],
                    "depends_on": [
                      "xagent-container"
                    ],
                    "env": [],
                    "image": "us-docker.pkg.dev/cloud-ops-agents-artifacts/cloud-run-gmp-sidecar/cloud-run-gmp-sidecar:1.1.1",
                    "liveness_probe": [],
                    "name": "collector",
                    "ports": [],
                    "resources": [
                      {
                        "cpu_idle": true,
                        "limits": {
                          "cpu": "1000m",
                          "memory": "256Mi"
                        },
                        "startup_cpu_boost": false
                      }
                    ],
                    "startup_probe": [],
                    "volume_mounts": [],
                    "working_dir": ""
                  }
                ],
                "encryption_key": "",
                "execution_environment": "EXECUTION_ENVIRONMENT_GEN2",
                "gpu_zonal_redundancy_disabled": false,
                "labels": {},
                "max_instance_request_concurrency": 80,
                "node_selector": [],
                "revision": "",
                "scaling": [
                  {
                    "max_instance_count": 10,
                    "min_instance_count": 0
                  }
                ],
                "service_account": "xagent-service-us-central1-sa@google-mpf-172983073065.iam.gserviceaccount.com",
                "service_mesh": [],
                "session_affinity": false,
                "timeout": "300s",
                "volumes": [],
                "vpc_access": [
                  {
                    "connector": "",
                    "egress": "ALL_TRAFFIC",
                    "network_interfaces": [
                      {
                        "network": "default",
                        "subnetwork": "default",
                        "tags": []
                      }
                    ]
                  }
                ]
              }
            ],
            "terminal_condition": [
              {
                "execution_reason": "",
                "last_transition_time": "2025-09-21T09:46:04.904408Z",
                "message": "",
                "reason": "",
                "revision_reason": "",
                "severity": "",
                "state": "CONDITION_SUCCEEDED",
                "type": "Ready"
              }
            ],
            "terraform_labels": {
              "goog-adc-tf-deployment": "export",
              "goog-terraform-provisioned": "true",
              "xagent_vertex_ai_vertex-ai": "true"
            },
            "timeouts": null,
            "traffic": [
              {
                "percent": 100,
                "revision": "",
                "tag": "",
                "type": "TRAFFIC_TARGET_ALLOCATION_TYPE_LATEST"
              }
            ],
            "traffic_statuses": [
              {
                "percent": 100,
                "revision": "",
                "tag": "",
                "type": "TRAFFIC_TARGET_ALLOCATION_TYPE_LATEST",
                "uri": ""
              }
            ],
            "uid": "6e64e9c7-f0a4-4aee-beee-fb06aec5d422",
            "update_time": "2025-09-21T09:44:07.983603Z",
            "uri": "https://xagent-service-6dv6k25fqa-uc.a.run.app",
            "urls": [
              "https://xagent-service-232368778929.us-central1.run.app",
              "https://xagent-service-6dv6k25fqa-uc.a.run.app"
            ]
          },
          "sensitive_attributes": [],
          "private": "eyJlMmJmYjczMC1lY2FhLTExZTYtOGY4OC0zNDM2M2JjN2M0YzAiOnsiY3JlYXRlIjoxMjAwMDAwMDAwMDAwLCJkZWxldGUiOjEyMDAwMDAwMDAwMDAsInVwZGF0ZSI6MTIwMDAwMDAwMDAwMH19",
          "dependencies": [
            "module.xagent-cloud-run-service.google_project_iam_member.roles",
            "module.xagent-cloud-run-service.google_service_account.sa"
          ]
        }
      ]
    },
    {
      "module": "module.xagent-cloud-run-service",
      "mode": "managed",
      "type": "google_cloud_run_v2_service_iam_member",
      "name": "authorize",
      "provider": "provider[\"registry.terraform.io/hashicorp/google\"]",
      "instances": [
        {
          "index_key": "allUsers",
          "schema_version": 0,
          "attributes": {
            "condition": [],
            "etag": "BwY/SwwNkrw=",
            "id": "projects/google-mpf-172983073065/locations/us-central1/services/xagent-service/roles/run.invoker/allUsers",
            "location": "us-central1",
            "member": "allUsers",
            "name": "projects/google-mpf-172983073065/locations/us-central1/services/xagent-service",
            "project": "google-mpf-172983073065",
            "role": "roles/run.invoker"
          },
          "sensitive_attributes": [],
          "private": "bnVsbA==",
          "dependencies": [
            "module.xagent-cloud-run-service.google_cloud_run_v2_service.main",
            "module.xagent-cloud-run-service.google_project_iam_member.roles",
            "module.xagent-cloud-run-service.google_service_account.sa"
          ]
        }
      ]
    },
    {
      "module": "module.xagent-cloud-run-service",
      "mode": "managed",
      "type": "google_project_iam_member",
      "name": "roles",
      "provider": "provider[\"registry.terraform.io/hashicorp/google\"]",
      "instances": [
        {
          "index_key": "roles/aiplatform.user",
          "schema_version": 0,
          "attributes": {
            "condition": [],
            "etag": "BwY/SyIwjw4=",
            "id": "google-mpf-172983073065/roles/aiplatform.user/serviceAccount:xagent-service-us-central1-sa@google-mpf-172983073065.iam.gserviceaccount.com",
            "member": "serviceAccount:xagent-service-us-central1-sa@google-mpf-172983073065.iam.gserviceaccount.com",
            "project": "google-mpf-172983073065",
            "role": "roles/aiplatform.user"
          },
          "sensitive_attributes": [],
          "private": "bnVsbA==",
          "dependencies": [
            "module.xagent-cloud-run-service.google_service_account.sa"
          ],
          "create_before_destroy": true
        },
        {
          "index_key": "roles/monitoring.metricWriter",
          "schema_version": 0,
          "attributes": {
            "condition": [],
            "etag": "BwY/SyIwjw4=",
            "id": "google-mpf-172983073065/roles/monitoring.metricWriter/serviceAccount:xagent-service-us-central1-sa@google-mpf-172983073065.iam.gserviceaccount.com",
            "member": "serviceAccount:xagent-service-us-central1-sa@google-mpf-172983073065.iam.gserviceaccount.com",
            "project": "google-mpf-172983073065",
            "role": "roles/monitoring.metricWriter"
          },
          "sensitive_attributes": [],
          "private": "bnVsbA==",
          "dependencies": [
            "module.xagent-cloud-run-service.google_service_account.sa"
          ],
          "create_before_destroy": true
        }
      ]
    },
    {
      "module": "module.xagent-cloud-run-service",
      "mode": "managed",
      "type": "google_service_account",
      "name": "sa",
      "provider": "provider[\"registry.terraform.io/hashicorp/google\"]",
      "instances": [
        {
          "index_key": 0,
          "schema_version": 0,
          "attributes": {
            "account_id": "xagent-service-us-central1-sa",
            "create_ignore_already_exists": null,
            "description": "",
            "disabled": false,
            "display_name": "Service account for xagent-service in us-central1",
            "email": "xagent-service-us-central1-sa@google-mpf-172983073065.iam.gserviceaccount.com",
            "id": "projects/google-mpf-172983073065/serviceAccounts/xagent-service-us-central1-sa@google-mpf-172983073065.iam.gserviceaccount.com",
            "member": "serviceAccount:xagent-service-us-central1-sa@google-mpf-172983073065.iam.gserviceaccount.com",
            "name": "projects/google-mpf-172983073065/serviceAccounts/xagent-service-us-central1-sa@google-mpf-172983073065.iam.gserviceaccount.com",
            "project": "google-mpf-172983073065",
            "timeouts": null,
            "unique_id": "114568067941635548630"
          },
          "sensitive_attributes": [],
          "private": "eyJlMmJmYjczMC1lY2FhLTExZTYtOGY4OC0zNDM2M2JjN2M0YzAiOnsiY3JlYXRlIjozMDAwMDAwMDAwMDB9fQ==",
          "create_before_destroy": true
        }
      ]
    },
    {
      "module": "module.xagent-global-lb-backend",
      "mode": "managed",
      "type": "google_compute_backend_service",
      "name": "default",
      "provider": "provider[\"registry.terraform.io/hashicorp/google-beta\"]",
      "instances": [
        {
          "index_key": 0,
          "schema_version": 1,
          "attributes": {
            "affinity_cookie_ttl_sec": 0,
            "backend": [
              {
                "balancing_mode": "UTILIZATION",
                "capacity_scaler": 1,
                "custom_metrics": [],
                "description": "",
                "group": "https://www.googleapis.com/compute/v1/projects/google-mpf-172983073065/regions/us-central1/networkEndpointGroups/neg-xagent-lb-backend-us-central1-da4a",
                "max_connections": 0,
                "max_connections_per_endpoint": 0,
                "max_connections_per_instance": 0,
                "max_rate": 0,
                "max_rate_per_endpoint": 0,
                "max_rate_per_instance": 0,
                "max_utilization": 0,
                "preference": ""
              }
            ],
            "cdn_policy": [],
            "circuit_breakers": [],
            "compression_mode": "DISABLED",
            "connection_draining_timeout_sec": 300,
            "consistent_hash": [],
            "creation_timestamp": "2025-09-21T00:48:58.371-07:00",
            "custom_metrics": [],
            "custom_request_headers": [],
            "custom_response_headers": [],
            "description": "",
            "dynamic_forwarding": [],
            "edge_security_policy": "",
            "enable_cdn": false,
            "external_managed_migration_state": "",
            "external_managed_migration_testing_percentage": 0,
            "fingerprint": "Yf0N-YvgEEY=",
            "generated_id": 8633858220573725445,
            "health_checks": [],
            "iap": [],
            "id": "projects/google-mpf-172983073065/global/backendServices/xagent-lb-backend",
            "ip_address_selection_policy": "",
            "load_balancing_scheme": "EXTERNAL_MANAGED",
            "locality_lb_policies": [],
            "locality_lb_policy": "",
            "log_config": [
              {
                "enable": true,
                "optional_fields": [],
                "optional_mode": "EXCLUDE_ALL_OPTIONAL",
                "sample_rate": 1
              }
            ],
            "max_stream_duration": [],
            "name": "xagent-lb-backend",
            "network_pass_through_lb_traffic_policy": [],
            "outlier_detection": [],
            "port_name": "http",
            "project": "google-mpf-172983073065",
            "protocol": "HTTP",
            "security_policy": "",
            "security_settings": [],
            "self_link": "https://www.googleapis.com/compute/v1/projects/google-mpf-172983073065/global/backendServices/xagent-lb-backend",
            "service_lb_policy": "",
            "session_affinity": "NONE",
            "strong_session_affinity_cookie": [],
            "timeout_sec": 30,
            "timeouts": null,
            "tls_settings": []
          },
          "sensitive_attributes": [],
          "private": "eyJlMmJmYjczMC1lY2FhLTExZTYtOGY4OC0zNDM2M2JjN2M0YzAiOnsiY3JlYXRlIjoxMjAwMDAwMDAwMDAwLCJkZWxldGUiOjEyMDAwMDAwMDAwMDAsInVwZGF0ZSI6MTIwMDAwMDAwMDAwMH0sInNjaGVtYV92ZXJzaW9uIjoiMSJ9",
          "dependencies": [
            "module.xagent-cloud-run-service.google_cloud_run_v2_service.main",
            "module.xagent-cloud-run-service.google_project_iam_member.roles",
            "module.xagent-cloud-run-service.google_service_account.sa",
            "module.xagent-global-lb-backend.google_compute_health_check.default",
            "module.xagent-global-lb-backend.google_compute_region_network_endpoint_group.serverless_negs"
          ]
        }
      ]
    },
    {
      "module": "module.xagent-global-lb-backend",
      "mode": "managed",
      "type": "google_compute_region_network_endpoint_group",
      "name": "serverless_negs",
      "provider": "provider[\"registry.terraform.io/hashicorp/google-beta\"]",
      "instances": [
        {
          "index_key": "neg-xagent-lb-backend-us-central1-da4a",
          "schema_version": 0,
          "attributes": {
            "app_engine": [],
            "cloud_function": [],
            "cloud_run": [
              {
                "service": "xagent-service",
                "tag": "",
                "url_mask": ""
              }
            ],
            "description": "",
            "id": "projects/google-mpf-172983073065/regions/us-central1/networkEndpointGroups/neg-xagent-lb-backend-us-central1-da4a",
            "name": "neg-xagent-lb-backend-us-central1-da4a",
            "network": "",
            "network_endpoint_type": "SERVERLESS",
            "project": "google-mpf-172983073065",
            "psc_data": [],
            "psc_target_service": "",
            "region": "https://www.googleapis.com/compute/v1/projects/google-mpf-172983073065/regions/us-central1",
            "self_link": "https://www.googleapis.com/compute/v1/projects/google-mpf-172983073065/regions/us-central1/networkEndpointGroups/neg-xagent-lb-backend-us-central1-da4a",
            "serverless_deployment": [],
            "subnetwork": "",
            "timeouts": null
          },
          "sensitive_attributes": [],
          "private": "eyJlMmJmYjczMC1lY2FhLTExZTYtOGY4OC0zNDM2M2JjN2M0YzAiOnsiY3JlYXRlIjoxMjAwMDAwMDAwMDAwLCJkZWxldGUiOjEyMDAwMDAwMDAwMDB9fQ==",
          "dependencies": [
            "module.xagent-cloud-run-service.google_cloud_run_v2_service.main",
            "module.xagent-cloud-run-service.google_project_iam_member.roles",
            "module.xagent-cloud-run-service.google_service_account.sa"
          ],
          "create_before_destroy": true
        }
      ]
    },
    {
      "module": "module.xagent-global-lb-frontend",
      "mode": "managed",
      "type": "google_compute_global_address",
      "name": "default",
      "provider": "provider[\"registry.terraform.io/hashicorp/google-beta\"]",
      "instances": [
        {
          "index_key": 0,
          "schema_version": 0,
          "attributes": {
            "address": "34.54.183.86",
            "address_type": "EXTERNAL",
            "creation_timestamp": "2025-09-21T00:47:33.390-07:00",
            "description": "",
            "effective_labels": {
              "goog-adc-tf-deployment": "export",
              "goog-terraform-provisioned": "true"
            },
            "id": "projects/google-mpf-172983073065/global/addresses/xagent-lb-frontend-address",
            "ip_version": "",
            "label_fingerprint": "E4-YdoMZJrM=",
            "labels": {},
            "name": "xagent-lb-frontend-address",
            "network": "",
            "prefix_length": 0,
            "project": "google-mpf-172983073065",
            "purpose": "",
            "self_link": "https://www.googleapis.com/compute/v1/projects/google-mpf-172983073065/global/addresses/xagent-lb-frontend-address",
            "terraform_labels": {
              "goog-adc-tf-deployment": "export",
              "goog-terraform-provisioned": "true"
            },
            "timeouts": null
          },
          "sensitive_attributes": [],
          "private": "eyJlMmJmYjczMC1lY2FhLTExZTYtOGY4OC0zNDM2M2JjN2M0YzAiOnsiY3JlYXRlIjoxMjAwMDAwMDAwMDAwLCJkZWxldGUiOjEyMDAwMDAwMDAwMDAsInVwZGF0ZSI6MTIwMDAwMDAwMDAwMH19"
        }
      ]
    },
    {
      "module": "module.xagent-global-lb-frontend",
      "mode": "managed",
      "type": "google_compute_global_forwarding_rule",
      "name": "http",
      "provider": "provider[\"registry.terraform.io/hashicorp/google-beta\"]",
      "instances": [
        {
          "index_key": 0,
          "schema_version": 0,
          "attributes": {
            "allow_psc_global_access": false,
            "base_forwarding_rule": "",
            "description": "",
            "effective_labels": {
              "goog-adc-tf-deployment": "export"
            },
            "external_managed_backend_bucket_migration_state": "",
            "external_managed_backend_bucket_migration_testing_percentage": 0,
            "forwarding_rule_id": 1505909957598515414,
            "id": "projects/google-mpf-172983073065/global/forwardingRules/xagent-lb-frontend",
            "ip_address": "34.54.183.86",
            "ip_protocol": "TCP",
            "ip_version": "",
            "label_fingerprint": "GIShDgcYt7I=",
            "labels": {},
            "load_balancing_scheme": "EXTERNAL_MANAGED",
            "metadata_filters": [],
            "name": "xagent-lb-frontend",
            "network": "",
            "network_tier": "PREMIUM",
            "no_automate_dns_zone": null,
            "port_range": "80-80",
            "project": "google-mpf-172983073065",
            "psc_connection_id": "",
            "psc_connection_status": "",
            "self_link": "https://www.googleapis.com/compute/v1/projects/google-mpf-172983073065/global/forwardingRules/xagent-lb-frontend",
            "service_directory_registrations": [],
            "source_ip_ranges": [],
            "subnetwork": "",
            "target": "https://www.googleapis.com/compute/beta/projects/google-mpf-172983073065/global/targetHttpProxies/xagent-lb-frontend-http-proxy",
            "terraform_labels": {
              "goog-adc-tf-deployment": "export"
            },
            "timeouts": null
          },
          "sensitive_attributes": [],
          "private": "eyJlMmJmYjczMC1lY2FhLTExZTYtOGY4OC0zNDM2M2JjN2M0YzAiOnsiY3JlYXRlIjoxMjAwMDAwMDAwMDAwLCJkZWxldGUiOjEyMDAwMDAwMDAwMDAsInVwZGF0ZSI6MTIwMDAwMDAwMDAwMH19",
          "dependencies": [
            "module.xagent-cloud-run-service.google_cloud_run_v2_service.main",
            "module.xagent-cloud-run-service.google_project_iam_member.roles",
            "module.xagent-cloud-run-service.google_service_account.sa",
            "module.xagent-global-lb-backend.google_compute_backend_bucket.default",
            "module.xagent-global-lb-backend.google_compute_backend_service.default",
            "module.xagent-global-lb-backend.google_compute_health_check.default",
            "module.xagent-global-lb-backend.google_compute_region_network_endpoint_group.serverless_negs",
            "module.xagent-global-lb-frontend.google_compute_global_address.default",
            "module.xagent-global-lb-frontend.google_compute_target_http_proxy.default",
            "module.xagent-global-lb-frontend.google_compute_url_map.default",
            "module.xagent-global-lb-frontend.google_compute_url_map.https_redirect"
          ]
        }
      ]
    },
    {
      "module": "module.xagent-global-lb-frontend",
      "mode": "managed",
      "type": "google_compute_target_http_proxy",
      "name": "default",
      "provider": "provider[\"registry.terraform.io/hashicorp/google\"]",
      "instances": [
        {
          "index_key": 0,
          "schema_version": 0,
          "attributes": {
            "creation_timestamp": "2025-09-21T00:50:05.501-07:00",
            "description": "",
            "fingerprint": "L0dgIsIvGPA=",
            "http_keep_alive_timeout_sec": 0,
            "id": "projects/google-mpf-172983073065/global/targetHttpProxies/xagent-lb-frontend-http-proxy",
            "name": "xagent-lb-frontend-http-proxy",
            "project": "google-mpf-172983073065",
            "proxy_bind": false,
            "proxy_id": 2250631349417414850,
            "self_link": "https://www.googleapis.com/compute/v1/projects/google-mpf-172983073065/global/targetHttpProxies/xagent-lb-frontend-http-proxy",
            "timeouts": null,
            "url_map": "https://www.googleapis.com/compute/v1/projects/google-mpf-172983073065/global/urlMaps/xagent-lb-frontend-url-map"
          },
          "sensitive_attributes": [],
          "private": "eyJlMmJmYjczMC1lY2FhLTExZTYtOGY4OC0zNDM2M2JjN2M0YzAiOnsiY3JlYXRlIjoxMjAwMDAwMDAwMDAwLCJkZWxldGUiOjEyMDAwMDAwMDAwMDAsInVwZGF0ZSI6MTIwMDAwMDAwMDAwMH19",
          "dependencies": [
            "module.xagent-cloud-run-service.google_cloud_run_v2_service.main",
            "module.xagent-cloud-run-service.google_project_iam_member.roles",
            "module.xagent-cloud-run-service.google_service_account.sa",
            "module.xagent-global-lb-backend.google_compute_backend_bucket.default",
            "module.xagent-global-lb-backend.google_compute_backend_service.default",
            "module.xagent-global-lb-backend.google_compute_health_check.default",
            "module.xagent-global-lb-backend.google_compute_region_network_endpoint_group.serverless_negs",
            "module.xagent-global-lb-frontend.google_compute_url_map.default",
            "module.xagent-global-lb-frontend.google_compute_url_map.https_redirect"
          ]
        }
      ]
    },
    {
      "module": "module.xagent-global-lb-frontend",
      "mode": "managed",
      "type": "google_compute_url_map",
      "name": "default",
      "provider": "provider[\"registry.terraform.io/hashicorp/google-beta\"]",
      "instances": [
        {
          "index_key": 0,
          "schema_version": 0,
          "attributes": {
            "creation_timestamp": "2025-09-21T00:49:53.325-07:00",
            "default_custom_error_response_policy": [],
            "default_route_action": [],
            "default_service": "https://www.googleapis.com/compute/v1/projects/google-mpf-172983073065/global/backendServices/xagent-lb-backend",
            "default_url_redirect": [],
            "description": "",
            "fingerprint": "7GimP2V4-ug=",
            "header_action": [],
            "host_rule": [
              {
                "description": "",
                "hosts": [
                  "*"
                ],
                "path_matcher": "default"
              }
            ],
            "id": "projects/google-mpf-172983073065/global/urlMaps/xagent-lb-frontend-url-map",
            "map_id": 454703534942851279,
            "name": "xagent-lb-frontend-url-map",
            "path_matcher": [
              {
                "default_custom_error_response_policy": [],
                "default_route_action": [],
                "default_service": "https://www.googleapis.com/compute/v1/projects/google-mpf-172983073065/global/backendServices/xagent-lb-backend",
                "default_url_redirect": [],
                "description": "",
                "header_action": [],
                "name": "default",
                "path_rule": [],
                "route_rules": []
              }
            ],
            "project": "google-mpf-172983073065",
            "self_link": "https://www.googleapis.com/compute/v1/projects/google-mpf-172983073065/global/urlMaps/xagent-lb-frontend-url-map",
            "test": [],
            "timeouts": null
          },
          "sensitive_attributes": [],
          "private": "eyJlMmJmYjczMC1lY2FhLTExZTYtOGY4OC0zNDM2M2JjN2M0YzAiOnsiY3JlYXRlIjoxMjAwMDAwMDAwMDAwLCJkZWxldGUiOjEyMDAwMDAwMDAwMDAsInVwZGF0ZSI6MTIwMDAwMDAwMDAwMH19",
          "dependencies": [
            "module.xagent-cloud-run-service.google_cloud_run_v2_service.main",
            "module.xagent-cloud-run-service.google_project_iam_member.roles",
            "module.xagent-cloud-run-service.google_service_account.sa",
            "module.xagent-global-lb-backend.google_compute_backend_bucket.default",
            "module.xagent-global-lb-backend.google_compute_backend_service.default",
            "module.xagent-global-lb-backend.google_compute_health_check.default",
            "module.xagent-global-lb-backend.google_compute_region_network_endpoint_group.serverless_negs"
          ]
        }
      ]
    },
    {
      "module": "module.xagent-vertex-ai",
      "mode": "managed",
      "type": "google_project_service",
      "name": "project_services",
      "provider": "provider[\"registry.terraform.io/hashicorp/google\"]",
      "instances": [
        {
          "index_key": "aiplatform.googleapis.com",
          "schema_version": 0,
          "attributes": {
            "disable_dependent_services": true,
            "disable_on_destroy": true,
            "id": "google-mpf-172983073065/aiplatform.googleapis.com",
            "project": "google-mpf-172983073065",
            "service": "aiplatform.googleapis.com",
            "timeouts": null
          },
          "sensitive_attributes": [],
          "private": "eyJlMmJmYjczMC1lY2FhLTExZTYtOGY4OC0zNDM2M2JjN2M0YzAiOnsiY3JlYXRlIjoxMjAwMDAwMDAwMDAwLCJkZWxldGUiOjEyMDAwMDAwMDAwMDAsInJlYWQiOjYwMDAwMDAwMDAwMCwidXBkYXRlIjoxMjAwMDAwMDAwMDAwfX0="
        }
      ]
    }
  ],
  "check_results": null
}
